<?xml version="1.0" encoding="utf-8"?>
<Project ToolsVersion="4.0" xmlns="http://schemas.microsoft.com/developer/msbuild/2003">
  <ItemGroup>
    <Filter Include="Source Files">
      <UniqueIdentifier>{dae6d1a0-ef06-4f5b-929e-37f0e73689e4}</UniqueIdentifier>
      <Extensions>cpp;c;cxx;rc;def;r;odl;idl;hpj;bat</Extensions>
    </Filter>
    <Filter Include="Source Files\Monsters">
      <UniqueIdentifier>{202fe1ce-d75f-4a96-9c04-1cebe9068ff5}</UniqueIdentifier>
    </Filter>
    <Filter Include="Source Files\Tiles">
      <UniqueIdentifier>{2f5a4688-773f-4707-bc35-d9ae218a3b9d}</UniqueIdentifier>
    </Filter>
    <Filter Include="Header Files">
      <UniqueIdentifier>{3772db0f-64cb-45aa-9ad5-4db11166d44f}</UniqueIdentifier>
      <Extensions>h;hpp;hxx;hm;inl</Extensions>
    </Filter>
    <Filter Include="Resource Files">
      <UniqueIdentifier>{89ac0fbc-494c-40c6-81c6-465d2139b39a}</UniqueIdentifier>
      <Extensions>ico;cur;bmp;dlg;rc2;rct;bin;rgs;gif;jpg;jpeg;jpe</Extensions>
    </Filter>
  </ItemGroup>
  <ItemGroup>
    <ClCompile Include="BuySellDlg.cpp">
      <Filter>Source Files</Filter>
    </ClCompile>
    <ClCompile Include="Chest.cpp">
      <Filter>Source Files</Filter>
    </ClCompile>
    <ClCompile Include="de14.cpp">
      <Filter>Source Files</Filter>
    </ClCompile>
    <ClCompile Include="DEApp.cpp">
      <Filter>Source Files</Filter>
    </ClCompile>
    <ClCompile Include="DEObject.cpp">
      <Filter>Source Files</Filter>
    </ClCompile>
    <ClCompile Include="DEWater.cpp">
      <Filter>Source Files</Filter>
    </ClCompile>
    <ClCompile Include="Hud.cpp">
      <Filter>Source Files</Filter>
    </ClCompile>
    <ClCompile Include="Icons.cpp">
      <Filter>Source Files</Filter>
    </ClCompile>
    <ClCompile Include="Item.cpp">
      <Filter>Source Files</Filter>
    </ClCompile>
    <ClCompile Include="ItemDlg.cpp">
      <Filter>Source Files</Filter>
    </ClCompile>
    <ClCompile Include="Items.cpp">
      <Filter>Source Files</Filter>
    </ClCompile>
    <ClCompile Include="map.cpp">
      <Filter>Source Files</Filter>
    </ClCompile>
    <ClCompile Include="MapObject.cpp">
      <Filter>Source Files</Filter>
    </ClCompile>
    <ClCompile Include="MenueDlg.cpp">
      <Filter>Source Files</Filter>
    </ClCompile>
    <ClCompile Include="mouse.cpp">
      <Filter>Source Files</Filter>
    </ClCompile>
    <ClCompile Include="path.cpp">
      <Filter>Source Files</Filter>
    </ClCompile>
    <ClCompile Include="RangeAttackMonster.cpp">
      <Filter>Source Files</Filter>
    </ClCompile>
    <ClCompile Include="Spell.cpp">
      <Filter>Source Files</Filter>
    </ClCompile>
    <ClCompile Include="SpellDlg.cpp">
      <Filter>Source Files</Filter>
    </ClCompile>
    <ClCompile Include="spells.cpp">
      <Filter>Source Files</Filter>
    </ClCompile>
    <ClCompile Include="stlastar.cpp">
      <Filter>Source Files</Filter>
    </ClCompile>
    <ClCompile Include="StoreDlg.cpp">
      <Filter>Source Files</Filter>
    </ClCompile>
    <ClCompile Include="Town.cpp">
      <Filter>Source Files</Filter>
    </ClCompile>
    <ClCompile Include="UseDlg.cpp">
      <Filter>Source Files</Filter>
    </ClCompile>
    <ClCompile Include="EndMonster.cpp">
      <Filter>Source Files\Monsters</Filter>
    </ClCompile>
    <ClCompile Include="FireMonst.cpp">
      <Filter>Source Files\Monsters</Filter>
    </ClCompile>
    <ClCompile Include="Healer.cpp">
      <Filter>Source Files\Monsters</Filter>
    </ClCompile>
    <ClCompile Include="KeySales.cpp">
      <Filter>Source Files\Monsters</Filter>
    </ClCompile>
    <ClCompile Include="LightningMonst.cpp">
      <Filter>Source Files\Monsters</Filter>
    </ClCompile>
    <ClCompile Include="monst.cpp">
      <Filter>Source Files\Monsters</Filter>
    </ClCompile>
    <ClCompile Include="Monster.cpp">
      <Filter>Source Files\Monsters</Filter>
    </ClCompile>
    <ClCompile Include="Murchent.cpp">
      <Filter>Source Files\Monsters</Filter>
    </ClCompile>
    <ClCompile Include="NPC.cpp">
      <Filter>Source Files\Monsters</Filter>
    </ClCompile>
    <ClCompile Include="player.cpp">
      <Filter>Source Files\Monsters</Filter>
    </ClCompile>
    <ClCompile Include="Projectile.cpp">
      <Filter>Source Files\Monsters</Filter>
    </ClCompile>
    <ClCompile Include="Saver.cpp">
      <Filter>Source Files\Monsters</Filter>
    </ClCompile>
    <ClCompile Include="Sprite.cpp">
      <Filter>Source Files\Monsters</Filter>
    </ClCompile>
    <ClCompile Include="DEStatic.cpp">
      <Filter>Source Files\Tiles</Filter>
    </ClCompile>
    <ClCompile Include="Door.cpp">
      <Filter>Source Files\Tiles</Filter>
    </ClCompile>
    <ClCompile Include="Ship.cpp">
      <Filter>Source Files\Tiles</Filter>
    </ClCompile>
    <ClCompile Include="Wall.cpp">
      <Filter>Source Files\Tiles</Filter>
    </ClCompile>
    <ClCompile Include="Warp.cpp">
      <Filter>Source Files\Tiles</Filter>
    </ClCompile>
  </ItemGroup>
  <ItemGroup>
    <ResourceCompile Include="de14.rc">
      <Filter>Source Files</Filter>
    </ResourceCompile>
  </ItemGroup>
  <ItemGroup>
    <ClInclude Include="BuySellDlg.h">
      <Filter>Header Files</Filter>
    </ClInclude>
    <ClInclude Include="Chest.h">
      <Filter>Header Files</Filter>
    </ClInclude>
    <ClInclude Include="de14.h">
      <Filter>Header Files</Filter>
    </ClInclude>
    <ClInclude Include="DEApp.h">
      <Filter>Header Files</Filter>
    </ClInclude>
    <ClInclude Include="DEObject.h">
      <Filter>Header Files</Filter>
    </ClInclude>
    <ClInclude Include="DEStatic.h">
      <Filter>Header Files</Filter>
    </ClInclude>
    <ClInclude Include="DEWater.h">
      <Filter>Header Files</Filter>
    </ClInclude>
    <ClInclude Include="Door.h">
      <Filter>Header Files</Filter>
    </ClInclude>
    <ClInclude Include="EndMonster.h">
      <Filter>Header Files</Filter>
    </ClInclude>
    <ClInclude Include="FireMonst.h">
      <Filter>Header Files</Filter>
    </ClInclude>
    <ClInclude Include="fsa.h">
      <Filter>Header Files</Filter>
    </ClInclude>
    <ClInclude Include="game_map.h">
      <Filter>Header Files</Filter>
    </ClInclude>
    <ClInclude Include="Healer.h">
      <Filter>Header Files</Filter>
    </ClInclude>
    <ClInclude Include="Hud.h">
      <Filter>Header Files</Filter>
    </ClInclude>
    <ClInclude Include="icons.h">
      <Filter>Header Files</Filter>
    </ClInclude>
    <ClInclude Include="Item.h">
      <Filter>Header Files</Filter>
    </ClInclude>
    <ClInclude Include="ItemDlg.h">
      <Filter>Header Files</Filter>
    </ClInclude>
    <ClInclude Include="Items.h">
      <Filter>Header Files</Filter>
    </ClInclude>
    <ClInclude Include="KeySales.h">
      <Filter>Header Files</Filter>
    </ClInclude>
    <ClInclude Include="LightningMonst.h">
      <Filter>Header Files</Filter>
    </ClInclude>
    <ClInclude Include="map.h">
      <Filter>Header Files</Filter>
    </ClInclude>
    <ClInclude Include="MapObject.h">
      <Filter>Header Files</Filter>
    </ClInclude>
    <ClInclude Include="MenueDlg.h">
      <Filter>Header Files</Filter>
    </ClInclude>
    <ClInclude Include="monst.h">
      <Filter>Header Files</Filter>
    </ClInclude>
    <ClInclude Include="Monster.h">
      <Filter>Header Files</Filter>
    </ClInclude>
    <ClInclude Include="mouse.h">
      <Filter>Header Files</Filter>
    </ClInclude>
    <ClInclude Include="Murchent.h">
      <Filter>Header Files</Filter>
    </ClInclude>
    <ClInclude Include="NPC.h">
      <Filter>Header Files</Filter>
    </ClInclude>
    <ClInclude Include="path.h">
      <Filter>Header Files</Filter>
    </ClInclude>
    <ClInclude Include="player.h">
      <Filter>Header Files</Filter>
    </ClInclude>
    <ClInclude Include="Projectile.h">
      <Filter>Header Files</Filter>
    </ClInclude>
    <ClInclude Include="RangeAttackMonster.h">
      <Filter>Header Files</Filter>
    </ClInclude>
    <ClInclude Include="resource.h">
      <Filter>Header Files</Filter>
    </ClInclude>
    <ClInclude Include="Save.h">
      <Filter>Header Files</Filter>
    </ClInclude>
    <ClInclude Include="Saver.h">
      <Filter>Header Files</Filter>
    </ClInclude>
    <ClInclude Include="Ship.h">
      <Filter>Header Files</Filter>
    </ClInclude>
    <ClInclude Include="Spell.h">
      <Filter>Header Files</Filter>
    </ClInclude>
    <ClInclude Include="SpellDlg.h">
      <Filter>Header Files</Filter>
    </ClInclude>
    <ClInclude Include="spells.h">
      <Filter>Header Files</Filter>
    </ClInclude>
    <ClInclude Include="Sprite.h">
      <Filter>Header Files</Filter>
    </ClInclude>
    <ClInclude Include="stlastar.h">
      <Filter>Header Files</Filter>
    </ClInclude>
    <ClInclude Include="StoreDlg.h">
      <Filter>Header Files</Filter>
    </ClInclude>
    <ClInclude Include="Town.h">
      <Filter>Header Files</Filter>
    </ClInclude>
    <ClInclude Include="Types.h">
      <Filter>Header Files</Filter>
    </ClInclude>
    <ClInclude Include="UseDlg.h">
      <Filter>Header Files</Filter>
    </ClInclude>
    <ClInclude Include="Wall.h">
      <Filter>Header Files</Filter>
    </ClInclude>
    <ClInclude Include="Warp.h">
      <Filter>Header Files</Filter>
    </ClInclude>
  </ItemGroup>
  <ItemGroup>
    <Image Include="de.ico">
      <Filter>Resource Files</Filter>
    </Image>
  </ItemGroup>
</Project>