<?xml version="1.0" encoding="utf-8"?>
<Project ToolsVersion="4.0" xmlns="http://schemas.microsoft.com/developer/msbuild/2003">
  <ItemGroup>
    <Filter Include="Source Files">
      <UniqueIdentifier>{4FC737F1-C7A5-4376-A066-2A32D752A2FF}</UniqueIdentifier>
      <Extensions>cpp;c;cxx;def;odl;idl;hpj;bat;asm;asmx</Extensions>
    </Filter>
    <Filter Include="Header Files">
      <UniqueIdentifier>{93995380-89BD-4b04-88EB-625FBE52EBFB}</UniqueIdentifier>
      <Extensions>h;hpp;hxx;hm;inl;inc;xsd</Extensions>
    </Filter>
    <Filter Include="Resource Files">
      <UniqueIdentifier>{67DA6AB6-F800-4c08-8B7A-83BB121AAD01}</UniqueIdentifier>
      <Extensions>rc;ico;cur;bmp;dlg;rc2;rct;bin;rgs;gif;jpg;jpeg;jpe;resx</Extensions>
    </Filter>
  </ItemGroup>
  <ItemGroup>
    <ClCompile Include="Input.cpp">
      <Filter>Source Files</Filter>
    </ClCompile>
    <ClCompile Include="SayDlg.cpp">
      <Filter>Source Files</Filter>
    </ClCompile>
    <ClCompile Include="stdafx.cpp">
      <Filter>Source Files</Filter>
    </ClCompile>
    <ClCompile Include="WinArrowButton.cpp">
      <Filter>Source Files</Filter>
    </ClCompile>
    <ClCompile Include="WinBaceObj.cpp">
      <Filter>Source Files</Filter>
    </ClCompile>
    <ClCompile Include="WinBitmapButton.cpp">
      <Filter>Source Files</Filter>
    </ClCompile>
    <ClCompile Include="WinBitmapCtrl.cpp">
      <Filter>Source Files</Filter>
    </ClCompile>
    <ClCompile Include="WinButton.cpp">
      <Filter>Source Files</Filter>
    </ClCompile>
    <ClCompile Include="WinCheckBox.cpp">
      <Filter>Source Files</Filter>
    </ClCompile>
    <ClCompile Include="WinComboBox.cpp">
      <Filter>Source Files</Filter>
    </ClCompile>
    <ClCompile Include="WinDialog.cpp">
      <Filter>Source Files</Filter>
    </ClCompile>
    <ClCompile Include="WindowMgr.cpp">
      <Filter>Source Files</Filter>
    </ClCompile>
    <ClCompile Include="WinEditBox.cpp">
      <Filter>Source Files</Filter>
    </ClCompile>
    <ClCompile Include="WinGroupBox.cpp">
      <Filter>Source Files</Filter>
    </ClCompile>
    <ClCompile Include="WinListBox.cpp">
      <Filter>Source Files</Filter>
    </ClCompile>
    <ClCompile Include="WinProgress.cpp">
      <Filter>Source Files</Filter>
    </ClCompile>
    <ClCompile Include="WinScrollBar.cpp">
      <Filter>Source Files</Filter>
    </ClCompile>
    <ClCompile Include="WinStatic.cpp">
      <Filter>Source Files</Filter>
    </ClCompile>
    <ClCompile Include="WinToolTip.cpp">
      <Filter>Source Files</Filter>
    </ClCompile>
    <ClCompile Include="YesNoDlg.cpp">
      <Filter>Source Files</Filter>
    </ClCompile>
  </ItemGroup>
  <ItemGroup>
    <ClInclude Include="Include\commonres.h">
      <Filter>Header Files</Filter>
    </ClInclude>
    <ClInclude Include="Include\Input.h">
      <Filter>Header Files</Filter>
    </ClInclude>
    <ClInclude Include="Include\SayDlg.h">
      <Filter>Header Files</Filter>
    </ClInclude>
    <ClInclude Include="stdafx.h">
      <Filter>Header Files</Filter>
    </ClInclude>
    <ClInclude Include="Include\WinArrowButton.h">
      <Filter>Header Files</Filter>
    </ClInclude>
    <ClInclude Include="Include\WinBaceObj.h">
      <Filter>Header Files</Filter>
    </ClInclude>
    <ClInclude Include="Include\WinBitmapButton.h">
      <Filter>Header Files</Filter>
    </ClInclude>
    <ClInclude Include="Include\WinBitmapCtrl.h">
      <Filter>Header Files</Filter>
    </ClInclude>
    <ClInclude Include="Include\WinButton.h">
      <Filter>Header Files</Filter>
    </ClInclude>
    <ClInclude Include="Include\WinCheckBox.h">
      <Filter>Header Files</Filter>
    </ClInclude>
    <ClInclude Include="Include\WinComboBox.h">
      <Filter>Header Files</Filter>
    </ClInclude>
    <ClInclude Include="Include\WinDialog.h">
      <Filter>Header Files</Filter>
    </ClInclude>
    <ClInclude Include="Include\WindowMgr.h">
      <Filter>Header Files</Filter>
    </ClInclude>
    <ClInclude Include="Include\WinEditBox.h">
      <Filter>Header Files</Filter>
    </ClInclude>
    <ClInclude Include="Include\WinGroupBox.h">
      <Filter>Header Files</Filter>
    </ClInclude>
    <ClInclude Include="Include\WinListBox.h">
      <Filter>Header Files</Filter>
    </ClInclude>
    <ClInclude Include="Include\WinProgress.h">
      <Filter>Header Files</Filter>
    </ClInclude>
    <ClInclude Include="Include\WinScrollBar.h">
      <Filter>Header Files</Filter>
    </ClInclude>
    <ClInclude Include="Include\WinStatic.h">
      <Filter>Header Files</Filter>
    </ClInclude>
    <ClInclude Include="Include\WinToolTip.h">
      <Filter>Header Files</Filter>
    </ClInclude>
    <ClInclude Include="Include\YesNoDlg.h">
      <Filter>Header Files</Filter>
    </ClInclude>
  </ItemGroup>
  <ItemGroup>
    <Text Include="ReadMe.txt" />
  </ItemGroup>
</Project>