<?xml version="1.0" encoding="utf-8"?>
<Project ToolsVersion="4.0" xmlns="http://schemas.microsoft.com/developer/msbuild/2003">
  <ItemGroup>
    <Filter Include="Source Files">
      <UniqueIdentifier>{97daa727-4d9b-4061-a33b-6d8863ceb839}</UniqueIdentifier>
      <Extensions>cpp;c;cxx;rc;def;r;odl;idl;hpj;bat</Extensions>
    </Filter>
    <Filter Include="Header Files">
      <UniqueIdentifier>{c11d01e8-fdbd-4dc5-9f03-33e26f5c58b8}</UniqueIdentifier>
      <Extensions>h;hpp;hxx;hm;inl</Extensions>
    </Filter>
    <Filter Include="Resource Files">
      <UniqueIdentifier>{d27d1b4c-1352-4f25-a629-b3e7fb4f0a65}</UniqueIdentifier>
      <Extensions>ico;cur;bmp;dlg;rc2;rct;bin;rgs;gif;jpg;jpeg;jpe</Extensions>
    </Filter>
  </ItemGroup>
  <ItemGroup>
    <ClCompile Include="AddTexture.cpp">
      <Filter>Source Files</Filter>
    </ClCompile>
    <ClCompile Include="ChildFrm.cpp">
      <Filter>Source Files</Filter>
    </ClCompile>
    <ClCompile Include="ColourButton.cpp">
      <Filter>Source Files</Filter>
    </ClCompile>
    <ClCompile Include="CoolDialogBar.cpp">
      <Filter>Source Files</Filter>
    </ClCompile>
    <ClCompile Include="DeleteFileDlg.cpp">
      <Filter>Source Files</Filter>
    </ClCompile>
    <ClCompile Include="EditEvent.cpp">
      <Filter>Source Files</Filter>
    </ClCompile>
    <ClCompile Include="EditLevel.cpp">
      <Filter>Source Files</Filter>
    </ClCompile>
    <ClCompile Include="EditObject.cpp">
      <Filter>Source Files</Filter>
    </ClCompile>
    <ClCompile Include="EditObjectData.cpp">
      <Filter>Source Files</Filter>
    </ClCompile>
    <ClCompile Include="EditSprite.cpp">
      <Filter>Source Files</Filter>
    </ClCompile>
    <ClCompile Include="EditSpriteData.cpp">
      <Filter>Source Files</Filter>
    </ClCompile>
    <ClCompile Include="EditTextrue.cpp">
      <Filter>Source Files</Filter>
    </ClCompile>
    <ClCompile Include="FillDialog.cpp">
      <Filter>Source Files</Filter>
    </ClCompile>
    <ClCompile Include="..\CommonDev\LevelData.cpp">
      <Filter>Source Files</Filter>
    </ClCompile>
    <ClCompile Include="LevelTreeBar.cpp">
      <Filter>Source Files</Filter>
    </ClCompile>
    <ClCompile Include="PlanetObjectDataEx.cpp">
      <Filter>Source Files</Filter>
    </ClCompile>
    <ClCompile Include="RandomObjDlg.cpp">
      <Filter>Source Files</Filter>
    </ClCompile>
    <ClCompile Include="SelObjDlg.cpp">
      <Filter>Source Files</Filter>
    </ClCompile>
    <ClCompile Include="SpriteDataEx.cpp">
      <Filter>Source Files</Filter>
    </ClCompile>
    <ClCompile Include="StdAfx.cpp">
      <Filter>Source Files</Filter>
    </ClCompile>
    <ClCompile Include="TerraEd.cpp">
      <Filter>Source Files</Filter>
    </ClCompile>
    <ClCompile Include="TerraEdDoc.cpp">
      <Filter>Source Files</Filter>
    </ClCompile>
    <ClCompile Include="TerraEdView.cpp">
      <Filter>Source Files</Filter>
    </ClCompile>
  </ItemGroup>
  <ItemGroup>
    <ResourceCompile Include="TerraEd.rc">
      <Filter>Source Files</Filter>
    </ResourceCompile>
  </ItemGroup>
  <ItemGroup>
    <ClInclude Include="AddTexture.h">
      <Filter>Header Files</Filter>
    </ClInclude>
    <ClInclude Include="ChildFrm.h">
      <Filter>Header Files</Filter>
    </ClInclude>
    <ClInclude Include="ColourButton.h">
      <Filter>Header Files</Filter>
    </ClInclude>
    <ClInclude Include="CoolDialogBar.h">
      <Filter>Header Files</Filter>
    </ClInclude>
    <ClInclude Include="DeleteFileDlg.h">
      <Filter>Header Files</Filter>
    </ClInclude>
    <ClInclude Include="EditEvent.h">
      <Filter>Header Files</Filter>
    </ClInclude>
    <ClInclude Include="EditLevel.h">
      <Filter>Header Files</Filter>
    </ClInclude>
    <ClInclude Include="EditObject.h">
      <Filter>Header Files</Filter>
    </ClInclude>
    <ClInclude Include="EditObjectData.h">
      <Filter>Header Files</Filter>
    </ClInclude>
    <ClInclude Include="EditSprite.h">
      <Filter>Header Files</Filter>
    </ClInclude>
    <ClInclude Include="EditSpriteData.h">
      <Filter>Header Files</Filter>
    </ClInclude>
    <ClInclude Include="EditTextrue.h">
      <Filter>Header Files</Filter>
    </ClInclude>
    <ClInclude Include="FillDialog.h">
      <Filter>Header Files</Filter>
    </ClInclude>
    <ClInclude Include="..\CommonDev\Include\LevelData.h">
      <Filter>Header Files</Filter>
    </ClInclude>
    <ClInclude Include="LevelTreeBar.h">
      <Filter>Header Files</Filter>
    </ClInclude>
    <ClInclude Include="PlanetObjectDataEx.h">
      <Filter>Header Files</Filter>
    </ClInclude>
    <ClInclude Include="RandomObjDlg.h">
      <Filter>Header Files</Filter>
    </ClInclude>
    <ClInclude Include="Resource.h">
      <Filter>Header Files</Filter>
    </ClInclude>
    <ClInclude Include="SelObjDlg.h">
      <Filter>Header Files</Filter>
    </ClInclude>
    <ClInclude Include="SpriteDataEx.h">
      <Filter>Header Files</Filter>
    </ClInclude>
    <ClInclude Include="StdAfx.h">
      <Filter>Header Files</Filter>
    </ClInclude>
    <ClInclude Include="TerraEd.h">
      <Filter>Header Files</Filter>
    </ClInclude>
    <ClInclude Include="TerraEdDoc.h">
      <Filter>Header Files</Filter>
    </ClInclude>
    <ClInclude Include="TerraEdView.h">
      <Filter>Header Files</Filter>
    </ClInclude>
  </ItemGroup>
  <ItemGroup>
    <Image Include="res\bmp00001.bmp">
      <Filter>Resource Files</Filter>
    </Image>
    <Image Include="res\TerraEd.ico">
      <Filter>Resource Files</Filter>
    </Image>
    <Image Include="res\TerraEdDoc.ico">
      <Filter>Resource Files</Filter>
    </Image>
    <Image Include="res\Toolbar.bmp">
      <Filter>Resource Files</Filter>
    </Image>
  </ItemGroup>
  <ItemGroup>
    <None Include="OdPan.cur">
      <Filter>Resource Files</Filter>
    </None>
    <None Include="OdPanReady.cur">
      <Filter>Resource Files</Filter>
    </None>
    <None Include="OdRotate.cur">
      <Filter>Resource Files</Filter>
    </None>
    <None Include="OdZoom.cur">
      <Filter>Resource Files</Filter>
    </None>
    <None Include="res\TerraEd.rc2">
      <Filter>Resource Files</Filter>
    </None>
  </ItemGroup>
  <ItemGroup>
    <Text Include="ReadMe.txt" />
  </ItemGroup>
</Project>